
Microsoft Visual Studio Solution File, Format Version 12.00
# Visual Studio 15
VisualStudioVersion = 15.0.27004.2005
MinimumVisualStudioVersion = 10.0.40219.1
Project("{8BC9CEB8-8B4A-11D0-8D11-00A0C91BC942}") = "Lab1", "Lab1\Lab1.vcxproj", "{5DBED941-5B7B-4412-9168-63CE531D5715}"
EndProject
Global
	GlobalSection(SolutionConfigurationPlatforms) = preSolution
		Debug|x64 = Debug|x64
		Debug|x86 = Debug|x86
		Release|x64 = Release|x64
		Release|x86 = Release|x86
	EndGlobalSection
	GlobalSection(ProjectConfigurationPlatforms) = postSolution
		{5DBED941-5B7B-4412-9168-63CE531D5715}.Debug|x64.ActiveCfg = Debug|x64
		{5DBED941-5B7B-4412-9168-63CE531D5715}.Debug|x64.Build.0 = Debug|x64
		{5DBED941-5B7B-4412-9168-63CE531D5715}.Debug|x86.ActiveCfg = Debug|Win32
		{5DBED941-5B7B-4412-9168-63CE531D5715}.Debug|x86.Build.0 = Debug|Win32
		{5DBED941-5B7B-4412-9168-63CE531D5715}.Release|x64.ActiveCfg = Release|x64
		{5DBED941-5B7B-4412-9168-63CE531D5715}.Release|x64.Build.0 = Release|x64
		{5DBED941-5B7B-4412-9168-63CE531D5715}.Release|x86.ActiveCfg = Release|Win32
		{5DBED941-5B7B-4412-9168-63CE531D5715}.Release|x86.Build.0 = Release|Win32
	EndGlobalSection
	GlobalSection(SolutionProperties) = preSolution
		HideSolutionNode = FALSE
	EndGlobalSection
	GlobalSection(ExtensibilityGlobals) = postSolution
		SolutionGuid = {973B6326-DD0D-4278-8E2D-A80E7F492B36}
	EndGlobalSection
EndGlobal
