
Microsoft Visual Studio Solution File, Format Version 12.00
# Visual Studio 15
VisualStudioVersion = 15.0.27130.2010
MinimumVisualStudioVersion = 10.0.40219.1
Project("{8BC9CEB8-8B4A-11D0-8D11-00A0C91BC942}") = "lab4", "lab4\lab4.vcxproj", "{A3F9198F-6D89-46CB-8DF1-735FA5BAFC3F}"
EndProject
Global
	GlobalSection(SolutionConfigurationPlatforms) = preSolution
		Debug|x64 = Debug|x64
		Debug|x86 = Debug|x86
		Release|x64 = Release|x64
		Release|x86 = Release|x86
	EndGlobalSection
	GlobalSection(ProjectConfigurationPlatforms) = postSolution
		{A3F9198F-6D89-46CB-8DF1-735FA5BAFC3F}.Debug|x64.ActiveCfg = Debug|x64
		{A3F9198F-6D89-46CB-8DF1-735FA5BAFC3F}.Debug|x64.Build.0 = Debug|x64
		{A3F9198F-6D89-46CB-8DF1-735FA5BAFC3F}.Debug|x86.ActiveCfg = Debug|Win32
		{A3F9198F-6D89-46CB-8DF1-735FA5BAFC3F}.Debug|x86.Build.0 = Debug|Win32
		{A3F9198F-6D89-46CB-8DF1-735FA5BAFC3F}.Release|x64.ActiveCfg = Release|x64
		{A3F9198F-6D89-46CB-8DF1-735FA5BAFC3F}.Release|x64.Build.0 = Release|x64
		{A3F9198F-6D89-46CB-8DF1-735FA5BAFC3F}.Release|x86.ActiveCfg = Release|Win32
		{A3F9198F-6D89-46CB-8DF1-735FA5BAFC3F}.Release|x86.Build.0 = Release|Win32
	EndGlobalSection
	GlobalSection(SolutionProperties) = preSolution
		HideSolutionNode = FALSE
	EndGlobalSection
	GlobalSection(ExtensibilityGlobals) = postSolution
		SolutionGuid = {A7E74310-63CA-4CC2-A284-348EABE37BD0}
	EndGlobalSection
EndGlobal
